// !$*UTF8*$!
{
	archiveVersion = 1;
	classes = {
	};
	objectVersion = 46;
	objects = {

/* Begin PBXBuildFile section */
		24BA0B7218E78BF400DD350F /* Foundation.framework in Frameworks */ = {isa = PBXBuildFile; fileRef = 24BA0B7118E78BF400DD350F /* Foundation.framework */; };
		24BA0B7418E78BF400DD350F /* CoreGraphics.framework in Frameworks */ = {isa = PBXBuildFile; fileRef = 24BA0B7318E78BF400DD350F /* CoreGraphics.framework */; };
		24BA0B7618E78BF400DD350F /* UIKit.framework in Frameworks */ = {isa = PBXBuildFile; fileRef = 24BA0B7518E78BF400DD350F /* UIKit.framework */; };
		24BA0B7C18E78BF400DD350F /* InfoPlist.strings in Resources */ = {isa = PBXBuildFile; fileRef = 24BA0B7A18E78BF400DD350F /* InfoPlist.strings */; };
		24BA0B7E18E78BF400DD350F /* main.m in Sources */ = {isa = PBXBuildFile; fileRef = 24BA0B7D18E78BF400DD350F /* main.m */; };
		24BA0B8218E78BF400DD350F /* AppDelegate.m in Sources */ = {isa = PBXBuildFile; fileRef = 24BA0B8118E78BF400DD350F /* AppDelegate.m */; };
		24BA0B8418E78BF400DD350F /* Images.xcassets in Resources */ = {isa = PBXBuildFile; fileRef = 24BA0B8318E78BF400DD350F /* Images.xcassets */; };
		24BA0B8B18E78BF400DD350F /* XCTest.framework in Frameworks */ = {isa = PBXBuildFile; fileRef = 24BA0B8A18E78BF400DD350F /* XCTest.framework */; };
		24BA0B8C18E78BF400DD350F /* Foundation.framework in Frameworks */ = {isa = PBXBuildFile; fileRef = 24BA0B7118E78BF400DD350F /* Foundation.framework */; };
		24BA0B8D18E78BF400DD350F /* UIKit.framework in Frameworks */ = {isa = PBXBuildFile; fileRef = 24BA0B7518E78BF400DD350F /* UIKit.framework */; };
		24BA0B9518E78BF400DD350F /* InfoPlist.strings in Resources */ = {isa = PBXBuildFile; fileRef = 24BA0B9318E78BF400DD350F /* InfoPlist.strings */; };
		24BA0B9718E78BF400DD350F /* animation_ios_practiceTests.m in Sources */ = {isa = PBXBuildFile; fileRef = 24BA0B9618E78BF400DD350F /* animation_ios_practiceTests.m */; };
		24BA0BA318E78C1100DD350F /* ViewController.m in Sources */ = {isa = PBXBuildFile; fileRef = 24BA0BA118E78C1100DD350F /* ViewController.m */; };
		24BA0BA418E78C1100DD350F /* ViewController.xib in Resources */ = {isa = PBXBuildFile; fileRef = 24BA0BA218E78C1100DD350F /* ViewController.xib */; };
		24BA0BA718E78DD000DD350F /* AnimationController.m in Sources */ = {isa = PBXBuildFile; fileRef = 24BA0BA618E78DD000DD350F /* AnimationController.m */; };
/* End PBXBuildFile section */

/* Begin PBXContainerItemProxy section */
		24BA0B8E18E78BF400DD350F /* PBXContainerItemProxy */ = {
			isa = PBXContainerItemProxy;
			containerPortal = 24BA0B6618E78BF400DD350F /* Project object */;
			proxyType = 1;
			remoteGlobalIDString = 24BA0B6D18E78BF400DD350F;
			remoteInfo = "animation-ios-practice";
		};
/* End PBXContainerItemProxy section */

/* Begin PBXFileReference section */
		24BA0B6E18E78BF400DD350F /* animation-ios-practice.app */ = {isa = PBXFileReference; explicitFileType = wrapper.application; includeInIndex = 0; path = "animation-ios-practice.app"; sourceTree = BUILT_PRODUCTS_DIR; };
		24BA0B7118E78BF400DD350F /* Foundation.framework */ = {isa = PBXFileReference; lastKnownFileType = wrapper.framework; name = Foundation.framework; path = System/Library/Frameworks/Foundation.framework; sourceTree = SDKROOT; };
		24BA0B7318E78BF400DD350F /* CoreGraphics.framework */ = {isa = PBXFileReference; lastKnownFileType = wrapper.framework; name = CoreGraphics.framework; path = System/Library/Frameworks/CoreGraphics.framework; sourceTree = SDKROOT; };
		24BA0B7518E78BF400DD350F /* UIKit.framework */ = {isa = PBXFileReference; lastKnownFileType = wrapper.framework; name = UIKit.framework; path = System/Library/Frameworks/UIKit.framework; sourceTree = SDKROOT; };
		24BA0B7918E78BF400DD350F /* animation-ios-practice-Info.plist */ = {isa = PBXFileReference; lastKnownFileType = text.plist.xml; path = "animation-ios-practice-Info.plist"; sourceTree = "<group>"; };
		24BA0B7B18E78BF400DD350F /* en */ = {isa = PBXFileReference; lastKnownFileType = text.plist.strings; name = en; path = en.lproj/InfoPlist.strings; sourceTree = "<group>"; };
		24BA0B7D18E78BF400DD350F /* main.m */ = {isa = PBXFileReference; lastKnownFileType = sourcecode.c.objc; path = main.m; sourceTree = "<group>"; };
		24BA0B7F18E78BF400DD350F /* animation-ios-practice-Prefix.pch */ = {isa = PBXFileReference; lastKnownFileType = sourcecode.c.h; path = "animation-ios-practice-Prefix.pch"; sourceTree = "<group>"; };
		24BA0B8018E78BF400DD350F /* AppDelegate.h */ = {isa = PBXFileReference; lastKnownFileType = sourcecode.c.h; path = AppDelegate.h; sourceTree = "<group>"; };
		24BA0B8118E78BF400DD350F /* AppDelegate.m */ = {isa = PBXFileReference; lastKnownFileType = sourcecode.c.objc; path = AppDelegate.m; sourceTree = "<group>"; };
		24BA0B8318E78BF400DD350F /* Images.xcassets */ = {isa = PBXFileReference; lastKnownFileType = folder.assetcatalog; path = Images.xcassets; sourceTree = "<group>"; };
		24BA0B8918E78BF400DD350F /* animation-ios-practiceTests.xctest */ = {isa = PBXFileReference; explicitFileType = wrapper.cfbundle; includeInIndex = 0; path = "animation-ios-practiceTests.xctest"; sourceTree = BUILT_PRODUCTS_DIR; };
		24BA0B8A18E78BF400DD350F /* XCTest.framework */ = {isa = PBXFileReference; lastKnownFileType = wrapper.framework; name = XCTest.framework; path = Library/Frameworks/XCTest.framework; sourceTree = DEVELOPER_DIR; };
		24BA0B9218E78BF400DD350F /* animation-ios-practiceTests-Info.plist */ = {isa = PBXFileReference; lastKnownFileType = text.plist.xml; path = "animation-ios-practiceTests-Info.plist"; sourceTree = "<group>"; };
		24BA0B9418E78BF400DD350F /* en */ = {isa = PBXFileReference; lastKnownFileType = text.plist.strings; name = en; path = en.lproj/InfoPlist.strings; sourceTree = "<group>"; };
		24BA0B9618E78BF400DD350F /* animation_ios_practiceTests.m */ = {isa = PBXFileReference; lastKnownFileType = sourcecode.c.objc; path = animation_ios_practiceTests.m; sourceTree = "<group>"; };
		24BA0BA018E78C1100DD350F /* ViewController.h */ = {isa = PBXFileReference; fileEncoding = 4; lastKnownFileType = sourcecode.c.h; path = ViewController.h; sourceTree = "<group>"; };
		24BA0BA118E78C1100DD350F /* ViewController.m */ = {isa = PBXFileReference; fileEncoding = 4; lastKnownFileType = sourcecode.c.objc; path = ViewController.m; sourceTree = "<group>"; };
		24BA0BA218E78C1100DD350F /* ViewController.xib */ = {isa = PBXFileReference; fileEncoding = 4; lastKnownFileType = file.xib; path = ViewController.xib; sourceTree = "<group>"; };
		24BA0BA518E78DD000DD350F /* AnimationController.h */ = {isa = PBXFileReference; fileEncoding = 4; lastKnownFileType = sourcecode.c.h; path = AnimationController.h; sourceTree = "<group>"; };
		24BA0BA618E78DD000DD350F /* AnimationController.m */ = {isa = PBXFileReference; fileEncoding = 4; lastKnownFileType = sourcecode.c.objc; path = AnimationController.m; sourceTree = "<group>"; };
/* End PBXFileReference section */

/* Begin PBXFrameworksBuildPhase section */
		24BA0B6B18E78BF400DD350F /* Frameworks */ = {
			isa = PBXFrameworksBuildPhase;
			buildActionMask = 2147483647;
			files = (
				24BA0B7418E78BF400DD350F /* CoreGraphics.framework in Frameworks */,
				24BA0B7618E78BF400DD350F /* UIKit.framework in Frameworks */,
				24BA0B7218E78BF400DD350F /* Foundation.framework in Frameworks */,
			);
			runOnlyForDeploymentPostprocessing = 0;
		};
		24BA0B8618E78BF400DD350F /* Frameworks */ = {
			isa = PBXFrameworksBuildPhase;
			buildActionMask = 2147483647;
			files = (
				24BA0B8B18E78BF400DD350F /* XCTest.framework in Frameworks */,
				24BA0B8D18E78BF400DD350F /* UIKit.framework in Frameworks */,
				24BA0B8C18E78BF400DD350F /* Foundation.framework in Frameworks */,
			);
			runOnlyForDeploymentPostprocessing = 0;
		};
/* End PBXFrameworksBuildPhase section */

/* Begin PBXGroup section */
		24BA0B6518E78BF400DD350F = {
			isa = PBXGroup;
			children = (
				24BA0BA018E78C1100DD350F /* ViewController.h */,
				24BA0BA118E78C1100DD350F /* ViewController.m */,
				24BA0BA218E78C1100DD350F /* ViewController.xib */,
				24BA0BA518E78DD000DD350F /* AnimationController.h */,
				24BA0BA618E78DD000DD350F /* AnimationController.m */,
				24BA0B7718E78BF400DD350F /* animation-ios-practice */,
				24BA0B9018E78BF400DD350F /* animation-ios-practiceTests */,
				24BA0B7018E78BF400DD350F /* Frameworks */,
				24BA0B6F18E78BF400DD350F /* Products */,
			);
			sourceTree = "<group>";
		};
		24BA0B6F18E78BF400DD350F /* Products */ = {
			isa = PBXGroup;
			children = (
				24BA0B6E18E78BF400DD350F /* animation-ios-practice.app */,
				24BA0B8918E78BF400DD350F /* animation-ios-practiceTests.xctest */,
			);
			name = Products;
			sourceTree = "<group>";
		};
		24BA0B7018E78BF400DD350F /* Frameworks */ = {
			isa = PBXGroup;
			children = (
				24BA0B7118E78BF400DD350F /* Foundation.framework */,
				24BA0B7318E78BF400DD350F /* CoreGraphics.framework */,
				24BA0B7518E78BF400DD350F /* UIKit.framework */,
				24BA0B8A18E78BF400DD350F /* XCTest.framework */,
			);
			name = Frameworks;
			sourceTree = "<group>";
		};
		24BA0B7718E78BF400DD350F /* animation-ios-practice */ = {
			isa = PBXGroup;
			children = (
				24BA0B8018E78BF400DD350F /* AppDelegate.h */,
				24BA0B8118E78BF400DD350F /* AppDelegate.m */,
				24BA0B8318E78BF400DD350F /* Images.xcassets */,
				24BA0B7818E78BF400DD350F /* Supporting Files */,
			);
			path = "animation-ios-practice";
			sourceTree = "<group>";
		};
		24BA0B7818E78BF400DD350F /* Supporting Files */ = {
			isa = PBXGroup;
			children = (
				24BA0B7918E78BF400DD350F /* animation-ios-practice-Info.plist */,
				24BA0B7A18E78BF400DD350F /* InfoPlist.strings */,
				24BA0B7D18E78BF400DD350F /* main.m */,
				24BA0B7F18E78BF400DD350F /* animation-ios-practice-Prefix.pch */,
			);
			name = "Supporting Files";
			sourceTree = "<group>";
		};
		24BA0B9018E78BF400DD350F /* animation-ios-practiceTests */ = {
			isa = PBXGroup;
			children = (
				24BA0B9618E78BF400DD350F /* animation_ios_practiceTests.m */,
				24BA0B9118E78BF400DD350F /* Supporting Files */,
			);
			path = "animation-ios-practiceTests";
			sourceTree = "<group>";
		};
		24BA0B9118E78BF400DD350F /* Supporting Files */ = {
			isa = PBXGroup;
			children = (
				24BA0B9218E78BF400DD350F /* animation-ios-practiceTests-Info.plist */,
				24BA0B9318E78BF400DD350F /* InfoPlist.strings */,
			);
			name = "Supporting Files";
			sourceTree = "<group>";
		};
/* End PBXGroup section */

/* Begin PBXNativeTarget section */
		24BA0B6D18E78BF400DD350F /* animation-ios-practice */ = {
			isa = PBXNativeTarget;
			buildConfigurationList = 24BA0B9A18E78BF400DD350F /* Build configuration list for PBXNativeTarget "animation-ios-practice" */;
			buildPhases = (
				24BA0B6A18E78BF400DD350F /* Sources */,
				24BA0B6B18E78BF400DD350F /* Frameworks */,
				24BA0B6C18E78BF400DD350F /* Resources */,
			);
			buildRules = (
			);
			dependencies = (
			);
			name = "animation-ios-practice";
			productName = "animation-ios-practice";
			productReference = 24BA0B6E18E78BF400DD350F /* animation-ios-practice.app */;
			productType = "com.apple.product-type.application";
		};
		24BA0B8818E78BF400DD350F /* animation-ios-practiceTests */ = {
			isa = PBXNativeTarget;
			buildConfigurationList = 24BA0B9D18E78BF400DD350F /* Build configuration list for PBXNativeTarget "animation-ios-practiceTests" */;
			buildPhases = (
				24BA0B8518E78BF400DD350F /* Sources */,
				24BA0B8618E78BF400DD350F /* Frameworks */,
				24BA0B8718E78BF400DD350F /* Resources */,
			);
			buildRules = (
			);
			dependencies = (
				24BA0B8F18E78BF400DD350F /* PBXTargetDependency */,
			);
			name = "animation-ios-practiceTests";
			productName = "animation-ios-practiceTests";
			productReference = 24BA0B8918E78BF400DD350F /* animation-ios-practiceTests.xctest */;
			productType = "com.apple.product-type.bundle.unit-test";
		};
/* End PBXNativeTarget section */

/* Begin PBXProject section */
		24BA0B6618E78BF400DD350F /* Project object */ = {
			isa = PBXProject;
			attributes = {
				LastUpgradeCheck = 0510;
				ORGANIZATIONNAME = "Matt Chowning";
				TargetAttributes = {
					24BA0B8818E78BF400DD350F = {
						TestTargetID = 24BA0B6D18E78BF400DD350F;
					};
				};
			};
			buildConfigurationList = 24BA0B6918E78BF400DD350F /* Build configuration list for PBXProject "animation-ios-practice" */;
			compatibilityVersion = "Xcode 3.2";
			developmentRegion = English;
			hasScannedForEncodings = 0;
			knownRegions = (
				en,
			);
			mainGroup = 24BA0B6518E78BF400DD350F;
			productRefGroup = 24BA0B6F18E78BF400DD350F /* Products */;
			projectDirPath = "";
			projectRoot = "";
			targets = (
				24BA0B6D18E78BF400DD350F /* animation-ios-practice */,
				24BA0B8818E78BF400DD350F /* animation-ios-practiceTests */,
			);
		};
/* End PBXProject section */

/* Begin PBXResourcesBuildPhase section */
		24BA0B6C18E78BF400DD350F /* Resources */ = {
			isa = PBXResourcesBuildPhase;
			buildActionMask = 2147483647;
			files = (
				24BA0B7C18E78BF400DD350F /* InfoPlist.strings in Resources */,
				24BA0BA418E78C1100DD350F /* ViewController.xib in Resources */,
				24BA0B8418E78BF400DD350F /* Images.xcassets in Resources */,
			);
			runOnlyForDeploymentPostprocessing = 0;
		};
		24BA0B8718E78BF400DD350F /* Resources */ = {
			isa = PBXResourcesBuildPhase;
			buildActionMask = 2147483647;
			files = (
				24BA0B9518E78BF400DD350F /* InfoPlist.strings in Resources */,
			);
			runOnlyForDeploymentPostprocessing = 0;
		};
/* End PBXResourcesBuildPhase section */

/* Begin PBXSourcesBuildPhase section */
		24BA0B6A18E78BF400DD350F /* Sources */ = {
			isa = PBXSourcesBuildPhase;
			buildActionMask = 2147483647;
			files = (
				24BA0BA718E78DD000DD350F /* AnimationController.m in Sources */,
				24BA0BA318E78C1100DD350F /* ViewController.m in Sources */,
				24BA0B8218E78BF400DD350F /* AppDelegate.m in Sources */,
				24BA0B7E18E78BF400DD350F /* main.m in Sources */,
			);
			runOnlyForDeploymentPostprocessing = 0;
		};
		24BA0B8518E78BF400DD350F /* Sources */ = {
			isa = PBXSourcesBuildPhase;
			buildActionMask = 2147483647;
			files = (
				24BA0B9718E78BF400DD350F /* animation_ios_practiceTests.m in Sources */,
			);
			runOnlyForDeploymentPostprocessing = 0;
		};
/* End PBXSourcesBuildPhase section */

/* Begin PBXTargetDependency section */
		24BA0B8F18E78BF400DD350F /* PBXTargetDependency */ = {
			isa = PBXTargetDependency;
			target = 24BA0B6D18E78BF400DD350F /* animation-ios-practice */;
			targetProxy = 24BA0B8E18E78BF400DD350F /* PBXContainerItemProxy */;
		};
/* End PBXTargetDependency section */

/* Begin PBXVariantGroup section */
		24BA0B7A18E78BF400DD350F /* InfoPlist.strings */ = {
			isa = PBXVariantGroup;
			children = (
				24BA0B7B18E78BF400DD350F /* en */,
			);
			name = InfoPlist.strings;
			sourceTree = "<group>";
		};
		24BA0B9318E78BF400DD350F /* InfoPlist.strings */ = {
			isa = PBXVariantGroup;
			children = (
				24BA0B9418E78BF400DD350F /* en */,
			);
			name = InfoPlist.strings;
			sourceTree = "<group>";
		};
/* End PBXVariantGroup section */

/* Begin XCBuildConfiguration section */
		24BA0B9818E78BF400DD350F /* Debug */ = {
			isa = XCBuildConfiguration;
			buildSettings = {
				ALWAYS_SEARCH_USER_PATHS = NO;
				CLANG_CXX_LANGUAGE_STANDARD = "gnu++0x";
				CLANG_CXX_LIBRARY = "libc++";
				CLANG_ENABLE_MODULES = YES;
				CLANG_ENABLE_OBJC_ARC = YES;
				CLANG_WARN_BOOL_CONVERSION = YES;
				CLANG_WARN_CONSTANT_CONVERSION = YES;
				CLANG_WARN_DIRECT_OBJC_ISA_USAGE = YES_ERROR;
				CLANG_WARN_EMPTY_BODY = YES;
				CLANG_WARN_ENUM_CONVERSION = YES;
				CLANG_WARN_INT_CONVERSION = YES;
				CLANG_WARN_OBJC_ROOT_CLASS = YES_ERROR;
				CLANG_WARN__DUPLICATE_METHOD_MATCH = YES;
				"CODE_SIGN_IDENTITY[sdk=iphoneos*]" = "iPhone Developer";
				COPY_PHASE_STRIP = NO;
				GCC_C_LANGUAGE_STANDARD = gnu99;
				GCC_DYNAMIC_NO_PIC = NO;
				GCC_OPTIMIZATION_LEVEL = 0;
				GCC_PREPROCESSOR_DEFINITIONS = (
					"DEBUG=1",
					"$(inherited)",
				);
				GCC_SYMBOLS_PRIVATE_EXTERN = NO;
				GCC_WARN_64_TO_32_BIT_CONVERSION = YES;
				GCC_WARN_ABOUT_RETURN_TYPE = YES_ERROR;
				GCC_WARN_UNDECLARED_SELECTOR = YES;
				GCC_WARN_UNINITIALIZED_AUTOS = YES_AGGRESSIVE;
				GCC_WARN_UNUSED_FUNCTION = YES;
				GCC_WARN_UNUSED_VARIABLE = YES;
				IPHONEOS_DEPLOYMENT_TARGET = 7.1;
				ONLY_ACTIVE_ARCH = YES;
				SDKROOT = iphoneos;
			};
			name = Debug;
		};
		24BA0B9918E78BF400DD350F /* Release */ = {
			isa = XCBuildConfiguration;
			buildSettings = {
				ALWAYS_SEARCH_USER_PATHS = NO;
				CLANG_CXX_LANGUAGE_STANDARD = "gnu++0x";
				CLANG_CXX_LIBRARY = "libc++";
				CLANG_ENABLE_MODULES = YES;
				CLANG_ENABLE_OBJC_ARC = YES;
				CLANG_WARN_BOOL_CONVERSION = YES;
				CLANG_WARN_CONSTANT_CONVERSION = YES;
				CLANG_WARN_DIRECT_OBJC_ISA_USAGE = YES_ERROR;
				CLANG_WARN_EMPTY_BODY = YES;
				CLANG_WARN_ENUM_CONVERSION = YES;
				CLANG_WARN_INT_CONVERSION = YES;
				CLANG_WARN_OBJC_ROOT_CLASS = YES_ERROR;
				CLANG_WARN__DUPLICATE_METHOD_MATCH = YES;
				"CODE_SIGN_IDENTITY[sdk=iphoneos*]" = "iPhone Developer";
				COPY_PHASE_STRIP = YES;
				ENABLE_NS_ASSERTIONS = NO;
				GCC_C_LANGUAGE_STANDARD = gnu99;
				GCC_WARN_64_TO_32_BIT_CONVERSION = YES;
				GCC_WARN_ABOUT_RETURN_TYPE = YES_ERROR;
				GCC_WARN_UNDECLARED_SELECTOR = YES;
				GCC_WARN_UNINITIALIZED_AUTOS = YES_AGGRESSIVE;
				GCC_WARN_UNUSED_FUNCTION = YES;
				GCC_WARN_UNUSED_VARIABLE = YES;
				IPHONEOS_DEPLOYMENT_TARGET = 7.1;
				SDKROOT = iphoneos;
				VALIDATE_PRODUCT = YES;
			};
			name = Release;
		};
		24BA0B9B18E78BF400DD350F /* Debug */ = {
			isa = XCBuildConfiguration;
			buildSettings = {
				ASSETCATALOG_COMPILER_APPICON_NAME = AppIcon;
				ASSETCATALOG_COMPILER_LAUNCHIMAGE_NAME = LaunchImage;
				GCC_PRECOMPILE_PREFIX_HEADER = YES;
				GCC_PREFIX_HEADER = "animation-ios-practice/animation-ios-practice-Prefix.pch";
				INFOPLIST_FILE = "animation-ios-practice/animation-ios-practice-Info.plist";
				PRODUCT_NAME = "$(TARGET_NAME)";
				WRAPPER_EXTENSION = app;
			};
			name = Debug;
		};
		24BA0B9C18E78BF400DD350F /* Release */ = {
			isa = XCBuildConfiguration;
			buildSettings = {
				ASSETCATALOG_COMPILER_APPICON_NAME = AppIcon;
				ASSETCATALOG_COMPILER_LAUNCHIMAGE_NAME = LaunchImage;
				GCC_PRECOMPILE_PREFIX_HEADER = YES;
				GCC_PREFIX_HEADER = "animation-ios-practice/animation-ios-practice-Prefix.pch";
				INFOPLIST_FILE = "animation-ios-practice/animation-ios-practice-Info.plist";
				PRODUCT_NAME = "$(TARGET_NAME)";
				WRAPPER_EXTENSION = app;
			};
			name = Release;
		};
		24BA0B9E18E78BF400DD350F /* Debug */ = {
			isa = XCBuildConfiguration;
			buildSettings = {
				BUNDLE_LOADER = "$(BUILT_PRODUCTS_DIR)/animation-ios-practice.app/animation-ios-practice";
				FRAMEWORK_SEARCH_PATHS = (
					"$(SDKROOT)/Developer/Library/Frameworks",
					"$(inherited)",
					"$(DEVELOPER_FRAMEWORKS_DIR)",
				);
				GCC_PRECOMPILE_PREFIX_HEADER = YES;
				GCC_PREFIX_HEADER = "animation-ios-practice/animation-ios-practice-Prefix.pch";
				GCC_PREPROCESSOR_DEFINITIONS = (
					"DEBUG=1",
					"$(inherited)",
				);
				INFOPLIST_FILE = "animation-ios-practiceTests/animation-ios-practiceTests-Info.plist";
				PRODUCT_NAME = "$(TARGET_NAME)";
				TEST_HOST = "$(BUNDLE_LOADER)";
				WRAPPER_EXTENSION = xctest;
			};
			name = Debug;
		};
		24BA0B9F18E78BF400DD350F /* Release */ = {
			isa = XCBuildConfiguration;
			buildSettings = {
				BUNDLE_LOADER = "$(BUILT_PRODUCTS_DIR)/animation-ios-practice.app/animation-ios-practice";
				FRAMEWORK_SEARCH_PATHS = (
					"$(SDKROOT)/Developer/Library/Frameworks",
					"$(inherited)",
					"$(DEVELOPER_FRAMEWORKS_DIR)",
				);
				GCC_PRECOMPILE_PREFIX_HEADER = YES;
				GCC_PREFIX_HEADER = "animation-ios-practice/animation-ios-practice-Prefix.pch";
				INFOPLIST_FILE = "animation-ios-practiceTests/animation-ios-practiceTests-Info.plist";
				PRODUCT_NAME = "$(TARGET_NAME)";
				TEST_HOST = "$(BUNDLE_LOADER)";
				WRAPPER_EXTENSION = xctest;
			};
			name = Release;
		};
/* End XCBuildConfiguration section */

/* Begin XCConfigurationList section */
		24BA0B6918E78BF400DD350F /* Build configuration list for PBXProject "animation-ios-practice" */ = {
			isa = XCConfigurationList;
			buildConfigurations = (
				24BA0B9818E78BF400DD350F /* Debug */,
				24BA0B9918E78BF400DD350F /* Release */,
			);
			defaultConfigurationIsVisible = 0;
			defaultConfigurationName = Release;
		};
		24BA0B9A18E78BF400DD350F /* Build configuration list for PBXNativeTarget "animation-ios-practice" */ = {
			isa = XCConfigurationList;
			buildConfigurations = (
				24BA0B9B18E78BF400DD350F /* Debug */,
				24BA0B9C18E78BF400DD350F /* Release */,
			);
			defaultConfigurationIsVisible = 0;
		};
		24BA0B9D18E78BF400DD350F /* Build configuration list for PBXNativeTarget "animation-ios-practiceTests" */ = {
			isa = XCConfigurationList;
			buildConfigurations = (
				24BA0B9E18E78BF400DD350F /* Debug */,
				24BA0B9F18E78BF400DD350F /* Release */,
			);
			defaultConfigurationIsVisible = 0;
		};
/* End XCConfigurationList section */
	};
	rootObject = 24BA0B6618E78BF400DD350F /* Project object */;
}
